
Microsoft Visual Studio Solution File, Format Version 12.00
# Visual Studio 15
Project("{FAE04EC0-301F-11D3-BF4B-00C04F79EFBC}") = "Assembly-CSharp-Editor", "Assembly-CSharp-Editor.csproj", "{F96EC952-B5BB-FD6B-DD42-577507B48EAE}"
EndProject
Global
	GlobalSection(SolutionConfigurationPlatforms) = preSolution
		Debug|Any CPU = Debug|Any CPU
		Release|Any CPU = Release|Any CPU
	EndGlobalSection
	GlobalSection(ProjectConfigurationPlatforms) = postSolution
		{F96EC952-B5BB-FD6B-DD42-577507B48EAE}.Debug|Any CPU.ActiveCfg = Debug|Any CPU
		{F96EC952-B5BB-FD6B-DD42-577507B48EAE}.Debug|Any CPU.Build.0 = Debug|Any CPU
		{F96EC952-B5BB-FD6B-DD42-577507B48EAE}.Release|Any CPU.ActiveCfg = Release|Any CPU
		{F96EC952-B5BB-FD6B-DD42-577507B48EAE}.Release|Any CPU.Build.0 = Release|Any CPU
	EndGlobalSection
	GlobalSection(SolutionProperties) = preSolution
		HideSolutionNode = FALSE
	EndGlobalSection
EndGlobal
